
Microsoft Visual Studio Solution File, Format Version 12.00
# Visual Studio Version 17
VisualStudioVersion = 17.7.34221.43
MinimumVisualStudioVersion = 10.0.40219.1
Project("{FAE04EC0-301F-11D3-BF4B-00C04F79EFBC}") = "StrangerAgain", "StrangerAgain\StrangerAgain.csproj", "{CC592C7A-4617-4703-B812-D2EE251D630F}"
EndProject
Global
	GlobalSection(SolutionConfigurationPlatforms) = preSolution
		Debug|Any CPU = Debug|Any CPU
		Release|Any CPU = Release|Any CPU
	EndGlobalSection
	GlobalSection(ProjectConfigurationPlatforms) = postSolution
		{CC592C7A-4617-4703-B812-D2EE251D630F}.Debug|Any CPU.ActiveCfg = Debug|Any CPU
		{CC592C7A-4617-4703-B812-D2EE251D630F}.Debug|Any CPU.Build.0 = Debug|Any CPU
		{CC592C7A-4617-4703-B812-D2EE251D630F}.Release|Any CPU.ActiveCfg = Release|Any CPU
		{CC592C7A-4617-4703-B812-D2EE251D630F}.Release|Any CPU.Build.0 = Release|Any CPU
	EndGlobalSection
	GlobalSection(SolutionProperties) = preSolution
		HideSolutionNode = FALSE
	EndGlobalSection
	GlobalSection(ExtensibilityGlobals) = postSolution
		SolutionGuid = {F8B3B567-632F-4940-92DB-CD4A075994A8}
	EndGlobalSection
EndGlobal
