
Microsoft Visual Studio Solution File, Format Version 12.00
# Visual Studio Version 17
VisualStudioVersion = 17.7.34221.43
MinimumVisualStudioVersion = 10.0.40219.1
Project("{FAE04EC0-301F-11D3-BF4B-00C04F79EFBC}") = "UsefulAcquaintances", "UsefulAcquaintances\UsefulAcquaintances.csproj", "{63D7FB57-8113-4D12-9F4C-CBBE5F2BFCB8}"
EndProject
Global
	GlobalSection(SolutionConfigurationPlatforms) = preSolution
		Debug|Any CPU = Debug|Any CPU
		Release|Any CPU = Release|Any CPU
	EndGlobalSection
	GlobalSection(ProjectConfigurationPlatforms) = postSolution
		{63D7FB57-8113-4D12-9F4C-CBBE5F2BFCB8}.Debug|Any CPU.ActiveCfg = Debug|Any CPU
		{63D7FB57-8113-4D12-9F4C-CBBE5F2BFCB8}.Debug|Any CPU.Build.0 = Debug|Any CPU
		{63D7FB57-8113-4D12-9F4C-CBBE5F2BFCB8}.Release|Any CPU.ActiveCfg = Release|Any CPU
		{63D7FB57-8113-4D12-9F4C-CBBE5F2BFCB8}.Release|Any CPU.Build.0 = Release|Any CPU
	EndGlobalSection
	GlobalSection(SolutionProperties) = preSolution
		HideSolutionNode = FALSE
	EndGlobalSection
	GlobalSection(ExtensibilityGlobals) = postSolution
		SolutionGuid = {E13190F9-0326-47FF-98B8-F95860BA4836}
	EndGlobalSection
EndGlobal
