
Microsoft Visual Studio Solution File, Format Version 12.00
# Visual Studio Version 17
VisualStudioVersion = 17.7.34221.43
MinimumVisualStudioVersion = 10.0.40219.1
Project("{FAE04EC0-301F-11D3-BF4B-00C04F79EFBC}") = "SplitAndJoin", "SplitAndJoin\SplitAndJoin.csproj", "{9BF6E603-5EB8-446E-AE43-2A4F57420F23}"
EndProject
Global
	GlobalSection(SolutionConfigurationPlatforms) = preSolution
		Debug|Any CPU = Debug|Any CPU
		Release|Any CPU = Release|Any CPU
	EndGlobalSection
	GlobalSection(ProjectConfigurationPlatforms) = postSolution
		{9BF6E603-5EB8-446E-AE43-2A4F57420F23}.Debug|Any CPU.ActiveCfg = Debug|Any CPU
		{9BF6E603-5EB8-446E-AE43-2A4F57420F23}.Debug|Any CPU.Build.0 = Debug|Any CPU
		{9BF6E603-5EB8-446E-AE43-2A4F57420F23}.Release|Any CPU.ActiveCfg = Release|Any CPU
		{9BF6E603-5EB8-446E-AE43-2A4F57420F23}.Release|Any CPU.Build.0 = Release|Any CPU
	EndGlobalSection
	GlobalSection(SolutionProperties) = preSolution
		HideSolutionNode = FALSE
	EndGlobalSection
	GlobalSection(ExtensibilityGlobals) = postSolution
		SolutionGuid = {F74F9E22-2096-475E-8347-F9587CB9E27F}
	EndGlobalSection
EndGlobal
